
Microsoft Visual Studio Solution File, Format Version 12.00
# Visual Studio Version 17
VisualStudioVersion = 17.5.002.0
MinimumVisualStudioVersion = 10.0.40219.1
Project("{2150E333-8FDC-42A3-9474-1A3956D46DE8}") = "src", "src", "{4A6A4824-1AD7-4F20-98FB-F7FEC5C7B875}"
EndProject
Project("{9A19103F-16F7-4668-BE54-9A1E7A4F7556}") = "webapp", "src\webapp\webapp.csproj", "{4D79C1D0-4A6F-4E4D-AB71-F1F9994712D2}"
EndProject
Global
	GlobalSection(SolutionConfigurationPlatforms) = preSolution
		Debug|Any CPU = Debug|Any CPU
		Release|Any CPU = Release|Any CPU
	EndGlobalSection
	GlobalSection(ProjectConfigurationPlatforms) = postSolution
		{4D79C1D0-4A6F-4E4D-AB71-F1F9994712D2}.Debug|Any CPU.ActiveCfg = Debug|Any CPU
		{4D79C1D0-4A6F-4E4D-AB71-F1F9994712D2}.Debug|Any CPU.Build.0 = Debug|Any CPU
		{4D79C1D0-4A6F-4E4D-AB71-F1F9994712D2}.Release|Any CPU.ActiveCfg = Release|Any CPU
		{4D79C1D0-4A6F-4E4D-AB71-F1F9994712D2}.Release|Any CPU.Build.0 = Release|Any CPU
	EndGlobalSection
	GlobalSection(SolutionProperties) = preSolution
		HideSolutionNode = FALSE
	EndGlobalSection
	GlobalSection(NestedProjects) = preSolution
		{4D79C1D0-4A6F-4E4D-AB71-F1F9994712D2} = {4A6A4824-1AD7-4F20-98FB-F7FEC5C7B875}
	EndGlobalSection
	GlobalSection(ExtensibilityGlobals) = postSolution
		SolutionGuid = {7833092B-D170-43C8-AC33-399D30EDB2B9}
	EndGlobalSection
EndGlobal
